
Microsoft Visual Studio Solution File, Format Version 12.00
# Visual Studio 15
VisualStudioVersion = 15.0.28307.1209
MinimumVisualStudioVersion = 10.0.40219.1
Project("{8BC9CEB8-8B4A-11D0-8D11-00A0C91BC942}") = "CS3110_Project2", "test\test.vcxproj", "{F714645B-D0F8-4857-B03C-AFDFA3040725}"
EndProject
Global
	GlobalSection(SolutionConfigurationPlatforms) = preSolution
		Debug|x64 = Debug|x64
		Debug|x86 = Debug|x86
		Release|x64 = Release|x64
		Release|x86 = Release|x86
	EndGlobalSection
	GlobalSection(ProjectConfigurationPlatforms) = postSolution
		{F714645B-D0F8-4857-B03C-AFDFA3040725}.Debug|x64.ActiveCfg = Debug|x64
		{F714645B-D0F8-4857-B03C-AFDFA3040725}.Debug|x64.Build.0 = Debug|x64
		{F714645B-D0F8-4857-B03C-AFDFA3040725}.Debug|x86.ActiveCfg = Debug|Win32
		{F714645B-D0F8-4857-B03C-AFDFA3040725}.Debug|x86.Build.0 = Debug|Win32
		{F714645B-D0F8-4857-B03C-AFDFA3040725}.Release|x64.ActiveCfg = Release|x64
		{F714645B-D0F8-4857-B03C-AFDFA3040725}.Release|x64.Build.0 = Release|x64
		{F714645B-D0F8-4857-B03C-AFDFA3040725}.Release|x86.ActiveCfg = Release|Win32
		{F714645B-D0F8-4857-B03C-AFDFA3040725}.Release|x86.Build.0 = Release|Win32
	EndGlobalSection
	GlobalSection(SolutionProperties) = preSolution
		HideSolutionNode = FALSE
	EndGlobalSection
	GlobalSection(ExtensibilityGlobals) = postSolution
		SolutionGuid = {93363779-2711-4042-97EE-48BC0059FE6C}
	EndGlobalSection
EndGlobal
